
Microsoft Visual Studio Solution File, Format Version 12.00
# Visual Studio 14
VisualStudioVersion = 14.0.25420.1
MinimumVisualStudioVersion = 10.0.40219.1
Project("{FAE04EC0-301F-11D3-BF4B-00C04F79EFBC}") = "RentalCS", "RentalCS\RentalCS.csproj", "{AF72D3D9-12A3-4B13-9C95-1BFCEB762939}"
EndProject
Project("{FAE04EC0-301F-11D3-BF4B-00C04F79EFBC}") = "WebRental", "WebRental\WebRental.csproj", "{EF0FB80F-9595-466C-89E7-CC239C80ECD8}"
EndProject
Project("{FAE04EC0-301F-11D3-BF4B-00C04F79EFBC}") = "WebRental.Tests", "WebRental.Tests\WebRental.Tests.csproj", "{C045D671-CB72-47FB-B365-8463ED49200C}"
EndProject
Global
	GlobalSection(SolutionConfigurationPlatforms) = preSolution
		Debug|Any CPU = Debug|Any CPU
		Release|Any CPU = Release|Any CPU
	EndGlobalSection
	GlobalSection(ProjectConfigurationPlatforms) = postSolution
		{AF72D3D9-12A3-4B13-9C95-1BFCEB762939}.Debug|Any CPU.ActiveCfg = Debug|Any CPU
		{AF72D3D9-12A3-4B13-9C95-1BFCEB762939}.Debug|Any CPU.Build.0 = Debug|Any CPU
		{AF72D3D9-12A3-4B13-9C95-1BFCEB762939}.Release|Any CPU.ActiveCfg = Release|Any CPU
		{AF72D3D9-12A3-4B13-9C95-1BFCEB762939}.Release|Any CPU.Build.0 = Release|Any CPU
		{EF0FB80F-9595-466C-89E7-CC239C80ECD8}.Debug|Any CPU.ActiveCfg = Debug|Any CPU
		{EF0FB80F-9595-466C-89E7-CC239C80ECD8}.Debug|Any CPU.Build.0 = Debug|Any CPU
		{EF0FB80F-9595-466C-89E7-CC239C80ECD8}.Release|Any CPU.ActiveCfg = Release|Any CPU
		{EF0FB80F-9595-466C-89E7-CC239C80ECD8}.Release|Any CPU.Build.0 = Release|Any CPU
		{C045D671-CB72-47FB-B365-8463ED49200C}.Debug|Any CPU.ActiveCfg = Debug|Any CPU
		{C045D671-CB72-47FB-B365-8463ED49200C}.Debug|Any CPU.Build.0 = Debug|Any CPU
		{C045D671-CB72-47FB-B365-8463ED49200C}.Release|Any CPU.ActiveCfg = Release|Any CPU
		{C045D671-CB72-47FB-B365-8463ED49200C}.Release|Any CPU.Build.0 = Release|Any CPU
	EndGlobalSection
	GlobalSection(SolutionProperties) = preSolution
		HideSolutionNode = FALSE
	EndGlobalSection
EndGlobal
